// !$*UTF8*$!
{
	archiveVersion = 1;
	classes = {
	};
	objectVersion = 46;
	objects = {

/* Begin PBXBuildFile section */
		501529EA18E47C0E00C2BCC0 /* libSubliminal.a in Frameworks */ = {isa = PBXBuildFile; fileRef = 501529E118E47B1000C2BCC0 /* libSubliminal.a */; };
		5046CE9918E3D787000395AA /* Foundation.framework in Frameworks */ = {isa = PBXBuildFile; fileRef = 5046CE9818E3D787000395AA /* Foundation.framework */; };
		5046CE9B18E3D787000395AA /* CoreGraphics.framework in Frameworks */ = {isa = PBXBuildFile; fileRef = 5046CE9A18E3D787000395AA /* CoreGraphics.framework */; };
		5046CE9D18E3D787000395AA /* UIKit.framework in Frameworks */ = {isa = PBXBuildFile; fileRef = 5046CE9C18E3D787000395AA /* UIKit.framework */; };
		5046CEA318E3D787000395AA /* InfoPlist.strings in Resources */ = {isa = PBXBuildFile; fileRef = 5046CEA118E3D787000395AA /* InfoPlist.strings */; };
		5046CEA518E3D787000395AA /* main.m in Sources */ = {isa = PBXBuildFile; fileRef = 5046CEA418E3D787000395AA /* main.m */; };
		5046CEA918E3D787000395AA /* AppDelegate.m in Sources */ = {isa = PBXBuildFile; fileRef = 5046CEA818E3D787000395AA /* AppDelegate.m */; };
		5046CEAC18E3D787000395AA /* Main.storyboard in Resources */ = {isa = PBXBuildFile; fileRef = 5046CEAA18E3D787000395AA /* Main.storyboard */; };
		5046CEAF18E3D787000395AA /* ViewController.m in Sources */ = {isa = PBXBuildFile; fileRef = 5046CEAE18E3D787000395AA /* ViewController.m */; };
		5046CEB118E3D787000395AA /* Images.xcassets in Resources */ = {isa = PBXBuildFile; fileRef = 5046CEB018E3D787000395AA /* Images.xcassets */; };
		5046CEB818E3D787000395AA /* XCTest.framework in Frameworks */ = {isa = PBXBuildFile; fileRef = 5046CEB718E3D787000395AA /* XCTest.framework */; };
		5046CEB918E3D787000395AA /* Foundation.framework in Frameworks */ = {isa = PBXBuildFile; fileRef = 5046CE9818E3D787000395AA /* Foundation.framework */; };
		5046CEBA18E3D787000395AA /* UIKit.framework in Frameworks */ = {isa = PBXBuildFile; fileRef = 5046CE9C18E3D787000395AA /* UIKit.framework */; };
		5046CEC218E3D787000395AA /* InfoPlist.strings in Resources */ = {isa = PBXBuildFile; fileRef = 5046CEC018E3D787000395AA /* InfoPlist.strings */; };
		5046CEC418E3D787000395AA /* DemoApplicationTests.m in Sources */ = {isa = PBXBuildFile; fileRef = 5046CEC318E3D787000395AA /* DemoApplicationTests.m */; };
		505286CF18E489910060C210 /* Integration Tests.xcconfig in Resources */ = {isa = PBXBuildFile; fileRef = 505286CE18E489910060C210 /* Integration Tests.xcconfig */; };
		505286D118E53CCA0060C210 /* ExampleTest.m in Sources */ = {isa = PBXBuildFile; fileRef = 505286D018E53CCA0060C210 /* ExampleTest.m */; };
		505523DC18E3EFC5000DF8E2 /* ViewController.m in Sources */ = {isa = PBXBuildFile; fileRef = 5046CEAE18E3D787000395AA /* ViewController.m */; };
		505523DD18E3EFC5000DF8E2 /* AppDelegate.m in Sources */ = {isa = PBXBuildFile; fileRef = 5046CEA818E3D787000395AA /* AppDelegate.m */; };
		505523DE18E3EFC5000DF8E2 /* main.m in Sources */ = {isa = PBXBuildFile; fileRef = 5046CEA418E3D787000395AA /* main.m */; };
		505523E018E3EFC5000DF8E2 /* CoreGraphics.framework in Frameworks */ = {isa = PBXBuildFile; fileRef = 5046CE9A18E3D787000395AA /* CoreGraphics.framework */; };
		505523E118E3EFC5000DF8E2 /* UIKit.framework in Frameworks */ = {isa = PBXBuildFile; fileRef = 5046CE9C18E3D787000395AA /* UIKit.framework */; };
		505523E218E3EFC5000DF8E2 /* Foundation.framework in Frameworks */ = {isa = PBXBuildFile; fileRef = 5046CE9818E3D787000395AA /* Foundation.framework */; };
		505523E418E3EFC5000DF8E2 /* Images.xcassets in Resources */ = {isa = PBXBuildFile; fileRef = 5046CEB018E3D787000395AA /* Images.xcassets */; };
		505523E518E3EFC5000DF8E2 /* InfoPlist.strings in Resources */ = {isa = PBXBuildFile; fileRef = 5046CEA118E3D787000395AA /* InfoPlist.strings */; };
		505523E618E3EFC5000DF8E2 /* Main.storyboard in Resources */ = {isa = PBXBuildFile; fileRef = 5046CEAA18E3D787000395AA /* Main.storyboard */; };
/* End PBXBuildFile section */

/* Begin PBXContainerItemProxy section */
		501529E018E47B1000C2BCC0 /* PBXContainerItemProxy */ = {
			isa = PBXContainerItemProxy;
			containerPortal = 501529D718E47B1000C2BCC0 /* Subliminal.xcodeproj */;
			proxyType = 2;
			remoteGlobalIDString = F0695D8B16011515000B05D0;
			remoteInfo = Subliminal;
		};
		501529E218E47B1000C2BCC0 /* PBXContainerItemProxy */ = {
			isa = PBXContainerItemProxy;
			containerPortal = 501529D718E47B1000C2BCC0 /* Subliminal.xcodeproj */;
			proxyType = 2;
			remoteGlobalIDString = F0D240521683F7130031B67C;
			remoteInfo = "Subliminal Unit Tests";
		};
		501529E418E47B1000C2BCC0 /* PBXContainerItemProxy */ = {
			isa = PBXContainerItemProxy;
			containerPortal = 501529D718E47B1000C2BCC0 /* Subliminal.xcodeproj */;
			proxyType = 2;
			remoteGlobalIDString = F0AC809416BB299500C5D5C0;
			remoteInfo = "Subliminal Integration Tests";
		};
		501529E618E47B1000C2BCC0 /* PBXContainerItemProxy */ = {
			isa = PBXContainerItemProxy;
			containerPortal = 501529D718E47B1000C2BCC0 /* Subliminal.xcodeproj */;
			proxyType = 2;
			remoteGlobalIDString = F02578891890FF7A0084A6DB;
			remoteInfo = SLLogger;
		};
		501529E818E47C0B00C2BCC0 /* PBXContainerItemProxy */ = {
			isa = PBXContainerItemProxy;
			containerPortal = 501529D718E47B1000C2BCC0 /* Subliminal.xcodeproj */;
			proxyType = 1;
			remoteGlobalIDString = F0695D8A16011515000B05D0;
			remoteInfo = Subliminal;
		};
		5046CEBB18E3D787000395AA /* PBXContainerItemProxy */ = {
			isa = PBXContainerItemProxy;
			containerPortal = 5046CE8D18E3D787000395AA /* Project object */;
			proxyType = 1;
			remoteGlobalIDString = 5046CE9418E3D787000395AA;
			remoteInfo = DemoApplication;
		};
/* End PBXContainerItemProxy section */

/* Begin PBXFileReference section */
		501529D718E47B1000C2BCC0 /* Subliminal.xcodeproj */ = {isa = PBXFileReference; lastKnownFileType = "wrapper.pb-project"; name = Subliminal.xcodeproj; path = ../blahc/Subliminal/Subliminal.xcodeproj; sourceTree = "<group>"; };
		5046CE9518E3D787000395AA /* DemoApplication.app */ = {isa = PBXFileReference; explicitFileType = wrapper.application; includeInIndex = 0; path = DemoApplication.app; sourceTree = BUILT_PRODUCTS_DIR; };
		5046CE9818E3D787000395AA /* Foundation.framework */ = {isa = PBXFileReference; lastKnownFileType = wrapper.framework; name = Foundation.framework; path = System/Library/Frameworks/Foundation.framework; sourceTree = SDKROOT; };
		5046CE9A18E3D787000395AA /* CoreGraphics.framework */ = {isa = PBXFileReference; lastKnownFileType = wrapper.framework; name = CoreGraphics.framework; path = System/Library/Frameworks/CoreGraphics.framework; sourceTree = SDKROOT; };
		5046CE9C18E3D787000395AA /* UIKit.framework */ = {isa = PBXFileReference; lastKnownFileType = wrapper.framework; name = UIKit.framework; path = System/Library/Frameworks/UIKit.framework; sourceTree = SDKROOT; };
		5046CEA018E3D787000395AA /* DemoApplication-Info.plist */ = {isa = PBXFileReference; lastKnownFileType = text.plist.xml; path = "DemoApplication-Info.plist"; sourceTree = "<group>"; };
		5046CEA218E3D787000395AA /* en */ = {isa = PBXFileReference; lastKnownFileType = text.plist.strings; name = en; path = en.lproj/InfoPlist.strings; sourceTree = "<group>"; };
		5046CEA418E3D787000395AA /* main.m */ = {isa = PBXFileReference; lastKnownFileType = sourcecode.c.objc; path = main.m; sourceTree = "<group>"; };
		5046CEA618E3D787000395AA /* DemoApplication-Prefix.pch */ = {isa = PBXFileReference; lastKnownFileType = sourcecode.c.h; path = "DemoApplication-Prefix.pch"; sourceTree = "<group>"; };
		5046CEA718E3D787000395AA /* AppDelegate.h */ = {isa = PBXFileReference; lastKnownFileType = sourcecode.c.h; path = AppDelegate.h; sourceTree = "<group>"; };
		5046CEA818E3D787000395AA /* AppDelegate.m */ = {isa = PBXFileReference; lastKnownFileType = sourcecode.c.objc; path = AppDelegate.m; sourceTree = "<group>"; };
		5046CEAB18E3D787000395AA /* Base */ = {isa = PBXFileReference; lastKnownFileType = file.storyboard; name = Base; path = Base.lproj/Main.storyboard; sourceTree = "<group>"; };
		5046CEAD18E3D787000395AA /* ViewController.h */ = {isa = PBXFileReference; lastKnownFileType = sourcecode.c.h; path = ViewController.h; sourceTree = "<group>"; };
		5046CEAE18E3D787000395AA /* ViewController.m */ = {isa = PBXFileReference; lastKnownFileType = sourcecode.c.objc; path = ViewController.m; sourceTree = "<group>"; };
		5046CEB018E3D787000395AA /* Images.xcassets */ = {isa = PBXFileReference; lastKnownFileType = folder.assetcatalog; path = Images.xcassets; sourceTree = "<group>"; };
		5046CEB618E3D787000395AA /* DemoApplicationTests.xctest */ = {isa = PBXFileReference; explicitFileType = wrapper.cfbundle; includeInIndex = 0; path = DemoApplicationTests.xctest; sourceTree = BUILT_PRODUCTS_DIR; };
		5046CEB718E3D787000395AA /* XCTest.framework */ = {isa = PBXFileReference; lastKnownFileType = wrapper.framework; name = XCTest.framework; path = Library/Frameworks/XCTest.framework; sourceTree = DEVELOPER_DIR; };
		5046CEBF18E3D787000395AA /* DemoApplicationTests-Info.plist */ = {isa = PBXFileReference; lastKnownFileType = text.plist.xml; path = "DemoApplicationTests-Info.plist"; sourceTree = "<group>"; };
		5046CEC118E3D787000395AA /* en */ = {isa = PBXFileReference; lastKnownFileType = text.plist.strings; name = en; path = en.lproj/InfoPlist.strings; sourceTree = "<group>"; };
		5046CEC318E3D787000395AA /* DemoApplicationTests.m */ = {isa = PBXFileReference; lastKnownFileType = sourcecode.c.objc; path = DemoApplicationTests.m; sourceTree = "<group>"; };
		505286CE18E489910060C210 /* Integration Tests.xcconfig */ = {isa = PBXFileReference; fileEncoding = 4; lastKnownFileType = text.xcconfig; name = "Integration Tests.xcconfig"; path = "../blahc/Subliminal/Supporting Files/Xcode/Integration Tests.xcconfig"; sourceTree = "<group>"; };
		505286D018E53CCA0060C210 /* ExampleTest.m */ = {isa = PBXFileReference; fileEncoding = 4; lastKnownFileType = sourcecode.c.objc; name = ExampleTest.m; path = "Integration Tests/ExampleTest.m"; sourceTree = "<group>"; };
		505523EA18E3EFC5000DF8E2 /* DemoApplication copy.app */ = {isa = PBXFileReference; explicitFileType = wrapper.application; includeInIndex = 0; path = "DemoApplication copy.app"; sourceTree = BUILT_PRODUCTS_DIR; };
/* End PBXFileReference section */

/* Begin PBXFrameworksBuildPhase section */
		5046CE9218E3D787000395AA /* Frameworks */ = {
			isa = PBXFrameworksBuildPhase;
			buildActionMask = 2147483647;
			files = (
				5046CE9B18E3D787000395AA /* CoreGraphics.framework in Frameworks */,
				5046CE9D18E3D787000395AA /* UIKit.framework in Frameworks */,
				5046CE9918E3D787000395AA /* Foundation.framework in Frameworks */,
			);
			runOnlyForDeploymentPostprocessing = 0;
		};
		5046CEB318E3D787000395AA /* Frameworks */ = {
			isa = PBXFrameworksBuildPhase;
			buildActionMask = 2147483647;
			files = (
				5046CEB818E3D787000395AA /* XCTest.framework in Frameworks */,
				5046CEBA18E3D787000395AA /* UIKit.framework in Frameworks */,
				5046CEB918E3D787000395AA /* Foundation.framework in Frameworks */,
			);
			runOnlyForDeploymentPostprocessing = 0;
		};
		505523DF18E3EFC5000DF8E2 /* Frameworks */ = {
			isa = PBXFrameworksBuildPhase;
			buildActionMask = 2147483647;
			files = (
				501529EA18E47C0E00C2BCC0 /* libSubliminal.a in Frameworks */,
				505523E018E3EFC5000DF8E2 /* CoreGraphics.framework in Frameworks */,
				505523E118E3EFC5000DF8E2 /* UIKit.framework in Frameworks */,
				505523E218E3EFC5000DF8E2 /* Foundation.framework in Frameworks */,
			);
			runOnlyForDeploymentPostprocessing = 0;
		};
/* End PBXFrameworksBuildPhase section */

/* Begin PBXGroup section */
		501529D818E47B1000C2BCC0 /* Products */ = {
			isa = PBXGroup;
			children = (
				501529E118E47B1000C2BCC0 /* libSubliminal.a */,
				501529E318E47B1000C2BCC0 /* Subliminal (Unit Tests).octest */,
				501529E518E47B1000C2BCC0 /* Subliminal (Integration Tests).app */,
				501529E718E47B1000C2BCC0 /* SLLogger.framework */,
			);
			name = Products;
			sourceTree = "<group>";
		};
		5046CE8C18E3D787000395AA = {
			isa = PBXGroup;
			children = (
				5046CEE218E3E247000395AA /* Integration Tests */,
				5046CE9E18E3D787000395AA /* DemoApplication */,
				5046CEBD18E3D787000395AA /* DemoApplicationTests */,
				5046CE9718E3D787000395AA /* Frameworks */,
				5046CE9618E3D787000395AA /* Products */,
			);
			sourceTree = "<group>";
		};
		5046CE9618E3D787000395AA /* Products */ = {
			isa = PBXGroup;
			children = (
				5046CE9518E3D787000395AA /* DemoApplication.app */,
				5046CEB618E3D787000395AA /* DemoApplicationTests.xctest */,
				505523EA18E3EFC5000DF8E2 /* DemoApplication copy.app */,
			);
			name = Products;
			sourceTree = "<group>";
		};
		5046CE9718E3D787000395AA /* Frameworks */ = {
			isa = PBXGroup;
			children = (
				5046CE9818E3D787000395AA /* Foundation.framework */,
				5046CE9A18E3D787000395AA /* CoreGraphics.framework */,
				5046CE9C18E3D787000395AA /* UIKit.framework */,
				5046CEB718E3D787000395AA /* XCTest.framework */,
			);
			name = Frameworks;
			sourceTree = "<group>";
		};
		5046CE9E18E3D787000395AA /* DemoApplication */ = {
			isa = PBXGroup;
			children = (
				5046CEA718E3D787000395AA /* AppDelegate.h */,
				5046CEA818E3D787000395AA /* AppDelegate.m */,
				5046CEAA18E3D787000395AA /* Main.storyboard */,
				5046CEAD18E3D787000395AA /* ViewController.h */,
				5046CEAE18E3D787000395AA /* ViewController.m */,
				5046CEB018E3D787000395AA /* Images.xcassets */,
				5046CE9F18E3D787000395AA /* Supporting Files */,
			);
			path = DemoApplication;
			sourceTree = "<group>";
		};
		5046CE9F18E3D787000395AA /* Supporting Files */ = {
			isa = PBXGroup;
			children = (
				5046CEA018E3D787000395AA /* DemoApplication-Info.plist */,
				5046CEA118E3D787000395AA /* InfoPlist.strings */,
				5046CEA418E3D787000395AA /* main.m */,
				5046CEA618E3D787000395AA /* DemoApplication-Prefix.pch */,
			);
			name = "Supporting Files";
			sourceTree = "<group>";
		};
		5046CEBD18E3D787000395AA /* DemoApplicationTests */ = {
			isa = PBXGroup;
			children = (
				5046CEC318E3D787000395AA /* DemoApplicationTests.m */,
				5046CEBE18E3D787000395AA /* Supporting Files */,
			);
			path = DemoApplicationTests;
			sourceTree = "<group>";
		};
		5046CEBE18E3D787000395AA /* Supporting Files */ = {
			isa = PBXGroup;
			children = (
				5046CEBF18E3D787000395AA /* DemoApplicationTests-Info.plist */,
				5046CEC018E3D787000395AA /* InfoPlist.strings */,
			);
			name = "Supporting Files";
			sourceTree = "<group>";
		};
		5046CEE218E3E247000395AA /* Integration Tests */ = {
			isa = PBXGroup;
			children = (
				505286D018E53CCA0060C210 /* ExampleTest.m */,
				505286CE18E489910060C210 /* Integration Tests.xcconfig */,
				501529D718E47B1000C2BCC0 /* Subliminal.xcodeproj */,
			);
			name = "Integration Tests";
			sourceTree = "<group>";
		};
/* End PBXGroup section */

/* Begin PBXNativeTarget section */
		5046CE9418E3D787000395AA /* DemoApplication */ = {
			isa = PBXNativeTarget;
			buildConfigurationList = 5046CEC718E3D787000395AA /* Build configuration list for PBXNativeTarget "DemoApplication" */;
			buildPhases = (
				5046CE9118E3D787000395AA /* Sources */,
				5046CE9218E3D787000395AA /* Frameworks */,
				5046CE9318E3D787000395AA /* Resources */,
			);
			buildRules = (
			);
			dependencies = (
			);
			name = DemoApplication;
			productName = DemoApplication;
			productReference = 5046CE9518E3D787000395AA /* DemoApplication.app */;
			productType = "com.apple.product-type.application";
		};
		5046CEB518E3D787000395AA /* DemoApplicationTests */ = {
			isa = PBXNativeTarget;
			buildConfigurationList = 5046CECA18E3D787000395AA /* Build configuration list for PBXNativeTarget "DemoApplicationTests" */;
			buildPhases = (
				5046CEB218E3D787000395AA /* Sources */,
				5046CEB318E3D787000395AA /* Frameworks */,
				5046CEB418E3D787000395AA /* Resources */,
			);
			buildRules = (
			);
			dependencies = (
				5046CEBC18E3D787000395AA /* PBXTargetDependency */,
			);
			name = DemoApplicationTests;
			productName = DemoApplicationTests;
			productReference = 5046CEB618E3D787000395AA /* DemoApplicationTests.xctest */;
			productType = "com.apple.product-type.bundle.unit-test";
		};
		505523DA18E3EFC5000DF8E2 /* Integration Tests */ = {
			isa = PBXNativeTarget;
			buildConfigurationList = 505523E718E3EFC5000DF8E2 /* Build configuration list for PBXNativeTarget "Integration Tests" */;
			buildPhases = (
				505523DF18E3EFC5000DF8E2 /* Frameworks */,
				505523DB18E3EFC5000DF8E2 /* Sources */,
				505523E318E3EFC5000DF8E2 /* Resources */,
			);
			buildRules = (
			);
			dependencies = (
				501529E918E47C0B00C2BCC0 /* PBXTargetDependency */,
			);
			name = "Integration Tests";
			productName = DemoApplication;
			productReference = 505523EA18E3EFC5000DF8E2 /* DemoApplication copy.app */;
			productType = "com.apple.product-type.application";
		};
/* End PBXNativeTarget section */

/* Begin PBXProject section */
		5046CE8D18E3D787000395AA /* Project object */ = {
			isa = PBXProject;
			attributes = {
				LastUpgradeCheck = 0510;
				ORGANIZATIONNAME = Heyzap;
				TargetAttributes = {
					5046CEB518E3D787000395AA = {
						TestTargetID = 5046CE9418E3D787000395AA;
					};
				};
			};
			buildConfigurationList = 5046CE9018E3D787000395AA /* Build configuration list for PBXProject "DemoApplication" */;
			compatibilityVersion = "Xcode 3.2";
			developmentRegion = English;
			hasScannedForEncodings = 0;
			knownRegions = (
				en,
				Base,
			);
			mainGroup = 5046CE8C18E3D787000395AA;
			productRefGroup = 5046CE9618E3D787000395AA /* Products */;
			projectDirPath = "";
			projectReferences = (
				{
					ProductGroup = 501529D818E47B1000C2BCC0 /* Products */;
					ProjectRef = 501529D718E47B1000C2BCC0 /* Subliminal.xcodeproj */;
				},
			);
			projectRoot = "";
			targets = (
				5046CE9418E3D787000395AA /* DemoApplication */,
				5046CEB518E3D787000395AA /* DemoApplicationTests */,
				505523DA18E3EFC5000DF8E2 /* Integration Tests */,
			);
		};
/* End PBXProject section */

/* Begin PBXReferenceProxy section */
		501529E118E47B1000C2BCC0 /* libSubliminal.a */ = {
			isa = PBXReferenceProxy;
			fileType = archive.ar;
			path = libSubliminal.a;
			remoteRef = 501529E018E47B1000C2BCC0 /* PBXContainerItemProxy */;
			sourceTree = BUILT_PRODUCTS_DIR;
		};
		501529E318E47B1000C2BCC0 /* Subliminal (Unit Tests).octest */ = {
			isa = PBXReferenceProxy;
			fileType = wrapper.cfbundle;
			path = "Subliminal (Unit Tests).octest";
			remoteRef = 501529E218E47B1000C2BCC0 /* PBXContainerItemProxy */;
			sourceTree = BUILT_PRODUCTS_DIR;
		};
		501529E518E47B1000C2BCC0 /* Subliminal (Integration Tests).app */ = {
			isa = PBXReferenceProxy;
			fileType = wrapper.application;
			path = "Subliminal (Integration Tests).app";
			remoteRef = 501529E418E47B1000C2BCC0 /* PBXContainerItemProxy */;
			sourceTree = BUILT_PRODUCTS_DIR;
		};
		501529E718E47B1000C2BCC0 /* SLLogger.framework */ = {
			isa = PBXReferenceProxy;
			fileType = wrapper.framework;
			path = SLLogger.framework;
			remoteRef = 501529E618E47B1000C2BCC0 /* PBXContainerItemProxy */;
			sourceTree = BUILT_PRODUCTS_DIR;
		};
/* End PBXReferenceProxy section */

/* Begin PBXResourcesBuildPhase section */
		5046CE9318E3D787000395AA /* Resources */ = {
			isa = PBXResourcesBuildPhase;
			buildActionMask = 2147483647;
			files = (
				5046CEB118E3D787000395AA /* Images.xcassets in Resources */,
				5046CEA318E3D787000395AA /* InfoPlist.strings in Resources */,
				5046CEAC18E3D787000395AA /* Main.storyboard in Resources */,
			);
			runOnlyForDeploymentPostprocessing = 0;
		};
		5046CEB418E3D787000395AA /* Resources */ = {
			isa = PBXResourcesBuildPhase;
			buildActionMask = 2147483647;
			files = (
				5046CEC218E3D787000395AA /* InfoPlist.strings in Resources */,
			);
			runOnlyForDeploymentPostprocessing = 0;
		};
		505523E318E3EFC5000DF8E2 /* Resources */ = {
			isa = PBXResourcesBuildPhase;
			buildActionMask = 2147483647;
			files = (
				505286CF18E489910060C210 /* Integration Tests.xcconfig in Resources */,
				505523E418E3EFC5000DF8E2 /* Images.xcassets in Resources */,
				505523E518E3EFC5000DF8E2 /* InfoPlist.strings in Resources */,
				505523E618E3EFC5000DF8E2 /* Main.storyboard in Resources */,
			);
			runOnlyForDeploymentPostprocessing = 0;
		};
/* End PBXResourcesBuildPhase section */

/* Begin PBXSourcesBuildPhase section */
		5046CE9118E3D787000395AA /* Sources */ = {
			isa = PBXSourcesBuildPhase;
			buildActionMask = 2147483647;
			files = (
				5046CEAF18E3D787000395AA /* ViewController.m in Sources */,
				5046CEA918E3D787000395AA /* AppDelegate.m in Sources */,
				5046CEA518E3D787000395AA /* main.m in Sources */,
			);
			runOnlyForDeploymentPostprocessing = 0;
		};
		5046CEB218E3D787000395AA /* Sources */ = {
			isa = PBXSourcesBuildPhase;
			buildActionMask = 2147483647;
			files = (
				5046CEC418E3D787000395AA /* DemoApplicationTests.m in Sources */,
			);
			runOnlyForDeploymentPostprocessing = 0;
		};
		505523DB18E3EFC5000DF8E2 /* Sources */ = {
			isa = PBXSourcesBuildPhase;
			buildActionMask = 2147483647;
			files = (
				505286D118E53CCA0060C210 /* ExampleTest.m in Sources */,
				505523DC18E3EFC5000DF8E2 /* ViewController.m in Sources */,
				505523DD18E3EFC5000DF8E2 /* AppDelegate.m in Sources */,
				505523DE18E3EFC5000DF8E2 /* main.m in Sources */,
			);
			runOnlyForDeploymentPostprocessing = 0;
		};
/* End PBXSourcesBuildPhase section */

/* Begin PBXTargetDependency section */
		501529E918E47C0B00C2BCC0 /* PBXTargetDependency */ = {
			isa = PBXTargetDependency;
			name = Subliminal;
			targetProxy = 501529E818E47C0B00C2BCC0 /* PBXContainerItemProxy */;
		};
		5046CEBC18E3D787000395AA /* PBXTargetDependency */ = {
			isa = PBXTargetDependency;
			target = 5046CE9418E3D787000395AA /* DemoApplication */;
			targetProxy = 5046CEBB18E3D787000395AA /* PBXContainerItemProxy */;
		};
/* End PBXTargetDependency section */

/* Begin PBXVariantGroup section */
		5046CEA118E3D787000395AA /* InfoPlist.strings */ = {
			isa = PBXVariantGroup;
			children = (
				5046CEA218E3D787000395AA /* en */,
			);
			name = InfoPlist.strings;
			sourceTree = "<group>";
		};
		5046CEAA18E3D787000395AA /* Main.storyboard */ = {
			isa = PBXVariantGroup;
			children = (
				5046CEAB18E3D787000395AA /* Base */,
			);
			name = Main.storyboard;
			sourceTree = "<group>";
		};
		5046CEC018E3D787000395AA /* InfoPlist.strings */ = {
			isa = PBXVariantGroup;
			children = (
				5046CEC118E3D787000395AA /* en */,
			);
			name = InfoPlist.strings;
			sourceTree = "<group>";
		};
/* End PBXVariantGroup section */

/* Begin XCBuildConfiguration section */
		5046CEC518E3D787000395AA /* Debug */ = {
			isa = XCBuildConfiguration;
			buildSettings = {
				ALWAYS_SEARCH_USER_PATHS = NO;
				CLANG_CXX_LANGUAGE_STANDARD = "gnu++0x";
				CLANG_CXX_LIBRARY = "libc++";
				CLANG_ENABLE_MODULES = YES;
				CLANG_ENABLE_OBJC_ARC = YES;
				CLANG_WARN_BOOL_CONVERSION = YES;
				CLANG_WARN_CONSTANT_CONVERSION = YES;
				CLANG_WARN_DIRECT_OBJC_ISA_USAGE = YES_ERROR;
				CLANG_WARN_EMPTY_BODY = YES;
				CLANG_WARN_ENUM_CONVERSION = YES;
				CLANG_WARN_INT_CONVERSION = YES;
				CLANG_WARN_OBJC_ROOT_CLASS = YES_ERROR;
				CLANG_WARN__DUPLICATE_METHOD_MATCH = YES;
				"CODE_SIGN_IDENTITY[sdk=iphoneos*]" = "iPhone Developer";
				COPY_PHASE_STRIP = NO;
				GCC_C_LANGUAGE_STANDARD = gnu99;
				GCC_DYNAMIC_NO_PIC = NO;
				GCC_OPTIMIZATION_LEVEL = 0;
				GCC_PREPROCESSOR_DEFINITIONS = (
					"DEBUG=1",
					"$(inherited)",
				);
				GCC_SYMBOLS_PRIVATE_EXTERN = NO;
				GCC_WARN_64_TO_32_BIT_CONVERSION = YES;
				GCC_WARN_ABOUT_RETURN_TYPE = YES_ERROR;
				GCC_WARN_UNDECLARED_SELECTOR = YES;
				GCC_WARN_UNINITIALIZED_AUTOS = YES_AGGRESSIVE;
				GCC_WARN_UNUSED_FUNCTION = YES;
				GCC_WARN_UNUSED_VARIABLE = YES;
				IPHONEOS_DEPLOYMENT_TARGET = 7.1;
				ONLY_ACTIVE_ARCH = YES;
				SDKROOT = iphoneos;
			};
			name = Debug;
		};
		5046CEC618E3D787000395AA /* Release */ = {
			isa = XCBuildConfiguration;
			buildSettings = {
				ALWAYS_SEARCH_USER_PATHS = NO;
				CLANG_CXX_LANGUAGE_STANDARD = "gnu++0x";
				CLANG_CXX_LIBRARY = "libc++";
				CLANG_ENABLE_MODULES = YES;
				CLANG_ENABLE_OBJC_ARC = YES;
				CLANG_WARN_BOOL_CONVERSION = YES;
				CLANG_WARN_CONSTANT_CONVERSION = YES;
				CLANG_WARN_DIRECT_OBJC_ISA_USAGE = YES_ERROR;
				CLANG_WARN_EMPTY_BODY = YES;
				CLANG_WARN_ENUM_CONVERSION = YES;
				CLANG_WARN_INT_CONVERSION = YES;
				CLANG_WARN_OBJC_ROOT_CLASS = YES_ERROR;
				CLANG_WARN__DUPLICATE_METHOD_MATCH = YES;
				"CODE_SIGN_IDENTITY[sdk=iphoneos*]" = "iPhone Developer";
				COPY_PHASE_STRIP = YES;
				ENABLE_NS_ASSERTIONS = NO;
				GCC_C_LANGUAGE_STANDARD = gnu99;
				GCC_WARN_64_TO_32_BIT_CONVERSION = YES;
				GCC_WARN_ABOUT_RETURN_TYPE = YES_ERROR;
				GCC_WARN_UNDECLARED_SELECTOR = YES;
				GCC_WARN_UNINITIALIZED_AUTOS = YES_AGGRESSIVE;
				GCC_WARN_UNUSED_FUNCTION = YES;
				GCC_WARN_UNUSED_VARIABLE = YES;
				IPHONEOS_DEPLOYMENT_TARGET = 7.1;
				SDKROOT = iphoneos;
				VALIDATE_PRODUCT = YES;
			};
			name = Release;
		};
		5046CEC818E3D787000395AA /* Debug */ = {
			isa = XCBuildConfiguration;
			buildSettings = {
				ASSETCATALOG_COMPILER_APPICON_NAME = AppIcon;
				ASSETCATALOG_COMPILER_LAUNCHIMAGE_NAME = LaunchImage;
				GCC_PRECOMPILE_PREFIX_HEADER = YES;
				GCC_PREFIX_HEADER = "DemoApplication/DemoApplication-Prefix.pch";
				INFOPLIST_FILE = "DemoApplication/DemoApplication-Info.plist";
				PRODUCT_NAME = "$(TARGET_NAME)";
				WRAPPER_EXTENSION = app;
			};
			name = Debug;
		};
		5046CEC918E3D787000395AA /* Release */ = {
			isa = XCBuildConfiguration;
			buildSettings = {
				ASSETCATALOG_COMPILER_APPICON_NAME = AppIcon;
				ASSETCATALOG_COMPILER_LAUNCHIMAGE_NAME = LaunchImage;
				GCC_PRECOMPILE_PREFIX_HEADER = YES;
				GCC_PREFIX_HEADER = "DemoApplication/DemoApplication-Prefix.pch";
				INFOPLIST_FILE = "DemoApplication/DemoApplication-Info.plist";
				PRODUCT_NAME = "$(TARGET_NAME)";
				WRAPPER_EXTENSION = app;
			};
			name = Release;
		};
		5046CECB18E3D787000395AA /* Debug */ = {
			isa = XCBuildConfiguration;
			buildSettings = {
				BUNDLE_LOADER = "$(BUILT_PRODUCTS_DIR)/DemoApplication.app/DemoApplication";
				FRAMEWORK_SEARCH_PATHS = (
					"$(SDKROOT)/Developer/Library/Frameworks",
					"$(inherited)",
					"$(DEVELOPER_FRAMEWORKS_DIR)",
				);
				GCC_PRECOMPILE_PREFIX_HEADER = YES;
				GCC_PREFIX_HEADER = "DemoApplication/DemoApplication-Prefix.pch";
				GCC_PREPROCESSOR_DEFINITIONS = (
					"DEBUG=1",
					"$(inherited)",
				);
				INFOPLIST_FILE = "DemoApplicationTests/DemoApplicationTests-Info.plist";
				PRODUCT_NAME = "$(TARGET_NAME)";
				TEST_HOST = "$(BUNDLE_LOADER)";
				WRAPPER_EXTENSION = xctest;
			};
			name = Debug;
		};
		5046CECC18E3D787000395AA /* Release */ = {
			isa = XCBuildConfiguration;
			buildSettings = {
				BUNDLE_LOADER = "$(BUILT_PRODUCTS_DIR)/DemoApplication.app/DemoApplication";
				FRAMEWORK_SEARCH_PATHS = (
					"$(SDKROOT)/Developer/Library/Frameworks",
					"$(inherited)",
					"$(DEVELOPER_FRAMEWORKS_DIR)",
				);
				GCC_PRECOMPILE_PREFIX_HEADER = YES;
				GCC_PREFIX_HEADER = "DemoApplication/DemoApplication-Prefix.pch";
				INFOPLIST_FILE = "DemoApplicationTests/DemoApplicationTests-Info.plist";
				PRODUCT_NAME = "$(TARGET_NAME)";
				TEST_HOST = "$(BUNDLE_LOADER)";
				WRAPPER_EXTENSION = xctest;
			};
			name = Release;
		};
		505523E818E3EFC5000DF8E2 /* Debug */ = {
			isa = XCBuildConfiguration;
			baseConfigurationReference = 505286CE18E489910060C210 /* Integration Tests.xcconfig */;
			buildSettings = {
				ASSETCATALOG_COMPILER_APPICON_NAME = AppIcon;
				ASSETCATALOG_COMPILER_LAUNCHIMAGE_NAME = LaunchImage;
				GCC_PRECOMPILE_PREFIX_HEADER = YES;
				GCC_PREFIX_HEADER = "DemoApplication/DemoApplication-Prefix.pch";
				INFOPLIST_FILE = "$(SRCROOT)/DemoApplication/DemoApplication-Info.plist";
				PRODUCT_NAME = "DemoApplication copy";
				WRAPPER_EXTENSION = app;
			};
			name = Debug;
		};
		505523E918E3EFC5000DF8E2 /* Release */ = {
			isa = XCBuildConfiguration;
			baseConfigurationReference = 505286CE18E489910060C210 /* Integration Tests.xcconfig */;
			buildSettings = {
				ASSETCATALOG_COMPILER_APPICON_NAME = AppIcon;
				ASSETCATALOG_COMPILER_LAUNCHIMAGE_NAME = LaunchImage;
				GCC_PRECOMPILE_PREFIX_HEADER = YES;
				GCC_PREFIX_HEADER = "DemoApplication/DemoApplication-Prefix.pch";
				INFOPLIST_FILE = "$(SRCROOT)/DemoApplication/DemoApplication-Info.plist";
				PRODUCT_NAME = "DemoApplication copy";
				WRAPPER_EXTENSION = app;
			};
			name = Release;
		};
/* End XCBuildConfiguration section */

/* Begin XCConfigurationList section */
		5046CE9018E3D787000395AA /* Build configuration list for PBXProject "DemoApplication" */ = {
			isa = XCConfigurationList;
			buildConfigurations = (
				5046CEC518E3D787000395AA /* Debug */,
				5046CEC618E3D787000395AA /* Release */,
			);
			defaultConfigurationIsVisible = 0;
			defaultConfigurationName = Release;
		};
		5046CEC718E3D787000395AA /* Build configuration list for PBXNativeTarget "DemoApplication" */ = {
			isa = XCConfigurationList;
			buildConfigurations = (
				5046CEC818E3D787000395AA /* Debug */,
				5046CEC918E3D787000395AA /* Release */,
			);
			defaultConfigurationIsVisible = 0;
			defaultConfigurationName = Release;
		};
		5046CECA18E3D787000395AA /* Build configuration list for PBXNativeTarget "DemoApplicationTests" */ = {
			isa = XCConfigurationList;
			buildConfigurations = (
				5046CECB18E3D787000395AA /* Debug */,
				5046CECC18E3D787000395AA /* Release */,
			);
			defaultConfigurationIsVisible = 0;
			defaultConfigurationName = Release;
		};
		505523E718E3EFC5000DF8E2 /* Build configuration list for PBXNativeTarget "Integration Tests" */ = {
			isa = XCConfigurationList;
			buildConfigurations = (
				505523E818E3EFC5000DF8E2 /* Debug */,
				505523E918E3EFC5000DF8E2 /* Release */,
			);
			defaultConfigurationIsVisible = 0;
			defaultConfigurationName = Release;
		};
/* End XCConfigurationList section */
	};
	rootObject = 5046CE8D18E3D787000395AA /* Project object */;
}
